{
  "name": "narrative-decay",
  "version": "0.1.0",
  "lockfileVersion": 3,
  "requires": true,
  "packages": {
    "": {
      "name": "narrative-decay",
      "version": "0.1.0",
      "workspaces": [
        "packages/*",
        "apps/*"
      ],
      "devDependencies": {}
    },
    "apps/web": {
      "name": "@narrative-decay/web",
      "version": "0.1.0"
    },
    "node_modules/@narrative-decay/agents": {
      "resolved": "packages/agents",
      "link": true
    },
    "node_modules/@narrative-decay/core": {
      "resolved": "packages/core",
      "link": true
    },
    "node_modules/@narrative-decay/data": {
      "resolved": "packages/data",
      "link": true
    },
    "node_modules/@narrative-decay/providers": {
      "resolved": "packages/providers",
      "link": true
    },
    "node_modules/@narrative-decay/reports": {
      "resolved": "packages/reports",
      "link": true
    },
    "node_modules/@narrative-decay/server": {
      "resolved": "packages/server",
      "link": true
    },
    "node_modules/@narrative-decay/web": {
      "resolved": "apps/web",
      "link": true
    },
    "node_modules/@narrative-decay/worker": {
      "resolved": "packages/worker",
      "link": true
    },
    "node_modules/@narrative-decay/workflows": {
      "resolved": "packages/workflows",
      "link": true
    },
    "packages/agents": {
      "name": "@narrative-decay/agents",
      "version": "0.1.0"
    },
    "packages/core": {
      "name": "@narrative-decay/core",
      "version": "0.1.0"
    },
    "packages/data": {
      "name": "@narrative-decay/data",
      "version": "0.1.0"
    },
    "packages/providers": {
      "name": "@narrative-decay/providers",
      "version": "0.1.0"
    },
    "packages/reports": {
      "name": "@narrative-decay/reports",
      "version": "0.1.0"
    },
    "packages/server": {
      "name": "@narrative-decay/server",
      "version": "0.1.0"
    },
    "packages/worker": {
      "name": "@narrative-decay/worker",
      "version": "0.1.0"
    },
    "packages/workflows": {
      "name": "@narrative-decay/workflows",
      "version": "0.1.0"
    }
  }
}
